{
  "name": "drwrite",
  "version": "1.0.0",
  "lockfileVersion": 1,
  "requires": true,
  "dependencies": {
    "dropbox": {
      "version": "9.7.0",
      "resolved": "https://registry.npmjs.org/dropbox/-/dropbox-9.7.0.tgz",
      "integrity": "sha512-5OBYxFBwhUbGIWCZeYKAB/8aDPwANJbozXSlb5FLuNs09OD6nKNMpsSe4l02dPkz+I/TEg3Me7s9IJOAPTYUSQ==",
      "requires": {
        "node-fetch": "^2.6.1"
      }
    },
    "node-fetch": {
      "version": "2.6.1",
      "resolved": "https://registry.npmjs.org/node-fetch/-/node-fetch-2.6.1.tgz",
      "integrity": "sha512-V4aYg89jEoVRxRb2fJdAg8FHvI7cEyYdVAh94HH0UIK8oJxUfkjlDQN9RbMx+bEjP7+ggMiFRprSti032Oipxw=="
    }
  }
}
